
Microsoft Visual Studio Solution File, Format Version 12.00
# Visual Studio Version 17
VisualStudioVersion = 17.14.36301.6 d17.14
MinimumVisualStudioVersion = 10.0.40219.1
Project("{FAE04EC0-301F-11D3-BF4B-00C04F79EFBC}") = "CentroDiurnoAATEGRE.Web", "CentroDiurnoAATEGRE.Web.csproj", "{6043EF3F-3F07-4F00-B597-FD19292645E8}"
EndProject
Project("{FAE04EC0-301F-11D3-BF4B-00C04F79EFBC}") = "CentroDiurnoAATEGRE.Application", "..\CentroDiurnoAATEGRE.Application\CentroDiurnoAATEGRE.Application.csproj", "{C3B779AD-43A1-455A-A40F-496D091C506B}"
EndProject
Project("{FAE04EC0-301F-11D3-BF4B-00C04F79EFBC}") = "CentroDiurnoAATEGRE.Infraestructure", "..\CentroDiurnoAATEGRE.Infraestructure\CentroDiurnoAATEGRE.Infraestructure.csproj", "{D658A262-E7A0-445A-AB1A-67D354BE4579}"
EndProject
Global
	GlobalSection(SolutionConfigurationPlatforms) = preSolution
		Debug|Any CPU = Debug|Any CPU
		Release|Any CPU = Release|Any CPU
	EndGlobalSection
	GlobalSection(ProjectConfigurationPlatforms) = postSolution
		{6043EF3F-3F07-4F00-B597-FD19292645E8}.Debug|Any CPU.ActiveCfg = Debug|Any CPU
		{6043EF3F-3F07-4F00-B597-FD19292645E8}.Debug|Any CPU.Build.0 = Debug|Any CPU
		{6043EF3F-3F07-4F00-B597-FD19292645E8}.Release|Any CPU.ActiveCfg = Release|Any CPU
		{6043EF3F-3F07-4F00-B597-FD19292645E8}.Release|Any CPU.Build.0 = Release|Any CPU
		{C3B779AD-43A1-455A-A40F-496D091C506B}.Debug|Any CPU.ActiveCfg = Debug|Any CPU
		{C3B779AD-43A1-455A-A40F-496D091C506B}.Debug|Any CPU.Build.0 = Debug|Any CPU
		{C3B779AD-43A1-455A-A40F-496D091C506B}.Release|Any CPU.ActiveCfg = Release|Any CPU
		{C3B779AD-43A1-455A-A40F-496D091C506B}.Release|Any CPU.Build.0 = Release|Any CPU
		{D658A262-E7A0-445A-AB1A-67D354BE4579}.Debug|Any CPU.ActiveCfg = Debug|Any CPU
		{D658A262-E7A0-445A-AB1A-67D354BE4579}.Debug|Any CPU.Build.0 = Debug|Any CPU
		{D658A262-E7A0-445A-AB1A-67D354BE4579}.Release|Any CPU.ActiveCfg = Release|Any CPU
		{D658A262-E7A0-445A-AB1A-67D354BE4579}.Release|Any CPU.Build.0 = Release|Any CPU
	EndGlobalSection
	GlobalSection(SolutionProperties) = preSolution
		HideSolutionNode = FALSE
	EndGlobalSection
	GlobalSection(ExtensibilityGlobals) = postSolution
		SolutionGuid = {76BDD162-FEFA-43A1-AC4B-C67BB8C7B415}
	EndGlobalSection
EndGlobal
